
Microsoft Visual Studio Solution File, Format Version 12.00
# Visual Studio Version 17
VisualStudioVersion = 17.5.33516.290
MinimumVisualStudioVersion = 10.0.40219.1
Project("{FAE04EC0-301F-11D3-BF4B-00C04F79EFBC}") = "_11939_Major_Agmnt_", "_11939_Major_Agmnt_.csproj", "{A2C6ACEF-326E-4F09-BEB8-8F8A7E418465}"
EndProject
Global
	GlobalSection(SolutionConfigurationPlatforms) = preSolution
		Debug|Any CPU = Debug|Any CPU
		Release|Any CPU = Release|Any CPU
	EndGlobalSection
	GlobalSection(ProjectConfigurationPlatforms) = postSolution
		{A2C6ACEF-326E-4F09-BEB8-8F8A7E418465}.Debug|Any CPU.ActiveCfg = Debug|Any CPU
		{A2C6ACEF-326E-4F09-BEB8-8F8A7E418465}.Debug|Any CPU.Build.0 = Debug|Any CPU
		{A2C6ACEF-326E-4F09-BEB8-8F8A7E418465}.Release|Any CPU.ActiveCfg = Release|Any CPU
		{A2C6ACEF-326E-4F09-BEB8-8F8A7E418465}.Release|Any CPU.Build.0 = Release|Any CPU
	EndGlobalSection
	GlobalSection(SolutionProperties) = preSolution
		HideSolutionNode = FALSE
	EndGlobalSection
	GlobalSection(ExtensibilityGlobals) = postSolution
		SolutionGuid = {A34D0B9F-D999-48A5-87D8-61A7772E956E}
	EndGlobalSection
EndGlobal
